
Microsoft Visual Studio Solution File, Format Version 12.00
# Visual Studio 2013
VisualStudioVersion = 12.0.30501.0
MinimumVisualStudioVersion = 10.0.40219.1
Project("{FAE04EC0-301F-11D3-BF4B-00C04F79EFBC}") = "Loosely.CustomerPortal.WebApp", "Loosely.CustomerPortal.WebApp\Loosely.CustomerPortal.WebApp.csproj", "{E6A1F803-476D-405D-8DF8-F4F4B7CE696D}"
EndProject
Project("{FAE04EC0-301F-11D3-BF4B-00C04F79EFBC}") = "Loosely.Bus.Configuration", "Loosely.Bus.Configuration\Loosely.Bus.Configuration.csproj", "{B9008137-88FC-4975-A919-2C33ADCE9D5E}"
EndProject
Project("{FAE04EC0-301F-11D3-BF4B-00C04F79EFBC}") = "Loosely.Bus.Contracts", "Loosely.Bus.Contracts\Loosely.Bus.Contracts.csproj", "{1B5D072E-9E37-4346-986B-F24FBB28B4B2}"
EndProject
Project("{FAE04EC0-301F-11D3-BF4B-00C04F79EFBC}") = "Loosely.CustomerPortal.Backend", "Loosely.CustomerPortal.Backend\Loosely.CustomerPortal.Backend.csproj", "{538474A6-D8D3-40EB-B9BD-44A881FD803A}"
EndProject
Project("{2150E333-8FDC-42A3-9474-1A3956D46DE8}") = ".nuget", ".nuget", "{994BB12C-198C-4EB4-A87D-20AF97A8C75F}"
	ProjectSection(SolutionItems) = preProject
		.nuget\NuGet.Config = .nuget\NuGet.Config
		.nuget\NuGet.exe = .nuget\NuGet.exe
		.nuget\NuGet.targets = .nuget\NuGet.targets
	EndProjectSection
EndProject
Global
	GlobalSection(SolutionConfigurationPlatforms) = preSolution
		Debug|Any CPU = Debug|Any CPU
		Release|Any CPU = Release|Any CPU
	EndGlobalSection
	GlobalSection(ProjectConfigurationPlatforms) = postSolution
		{E6A1F803-476D-405D-8DF8-F4F4B7CE696D}.Debug|Any CPU.ActiveCfg = Debug|Any CPU
		{E6A1F803-476D-405D-8DF8-F4F4B7CE696D}.Debug|Any CPU.Build.0 = Debug|Any CPU
		{E6A1F803-476D-405D-8DF8-F4F4B7CE696D}.Release|Any CPU.ActiveCfg = Release|Any CPU
		{E6A1F803-476D-405D-8DF8-F4F4B7CE696D}.Release|Any CPU.Build.0 = Release|Any CPU
		{B9008137-88FC-4975-A919-2C33ADCE9D5E}.Debug|Any CPU.ActiveCfg = Debug|Any CPU
		{B9008137-88FC-4975-A919-2C33ADCE9D5E}.Debug|Any CPU.Build.0 = Debug|Any CPU
		{B9008137-88FC-4975-A919-2C33ADCE9D5E}.Release|Any CPU.ActiveCfg = Release|Any CPU
		{B9008137-88FC-4975-A919-2C33ADCE9D5E}.Release|Any CPU.Build.0 = Release|Any CPU
		{1B5D072E-9E37-4346-986B-F24FBB28B4B2}.Debug|Any CPU.ActiveCfg = Debug|Any CPU
		{1B5D072E-9E37-4346-986B-F24FBB28B4B2}.Debug|Any CPU.Build.0 = Debug|Any CPU
		{1B5D072E-9E37-4346-986B-F24FBB28B4B2}.Release|Any CPU.ActiveCfg = Release|Any CPU
		{1B5D072E-9E37-4346-986B-F24FBB28B4B2}.Release|Any CPU.Build.0 = Release|Any CPU
		{538474A6-D8D3-40EB-B9BD-44A881FD803A}.Debug|Any CPU.ActiveCfg = Debug|Any CPU
		{538474A6-D8D3-40EB-B9BD-44A881FD803A}.Debug|Any CPU.Build.0 = Debug|Any CPU
		{538474A6-D8D3-40EB-B9BD-44A881FD803A}.Release|Any CPU.ActiveCfg = Release|Any CPU
		{538474A6-D8D3-40EB-B9BD-44A881FD803A}.Release|Any CPU.Build.0 = Release|Any CPU
	EndGlobalSection
	GlobalSection(SolutionProperties) = preSolution
		HideSolutionNode = FALSE
	EndGlobalSection
EndGlobal
